
Microsoft Visual Studio Solution File, Format Version 12.00
# Visual Studio Version 17
VisualStudioVersion = 17.5.33627.172
MinimumVisualStudioVersion = 10.0.40219.1
Project("{FAE04EC0-301F-11D3-BF4B-00C04F79EFBC}") = "GuessTheNumber", "GuessTheNumber\GuessTheNumber.csproj", "{37CBE835-28D1-4EF0-B5B3-44A7B8478CBE}"
EndProject
Global
	GlobalSection(SolutionConfigurationPlatforms) = preSolution
		Debug|Any CPU = Debug|Any CPU
		Release|Any CPU = Release|Any CPU
	EndGlobalSection
	GlobalSection(ProjectConfigurationPlatforms) = postSolution
		{37CBE835-28D1-4EF0-B5B3-44A7B8478CBE}.Debug|Any CPU.ActiveCfg = Debug|Any CPU
		{37CBE835-28D1-4EF0-B5B3-44A7B8478CBE}.Debug|Any CPU.Build.0 = Debug|Any CPU
		{37CBE835-28D1-4EF0-B5B3-44A7B8478CBE}.Release|Any CPU.ActiveCfg = Release|Any CPU
		{37CBE835-28D1-4EF0-B5B3-44A7B8478CBE}.Release|Any CPU.Build.0 = Release|Any CPU
	EndGlobalSection
	GlobalSection(SolutionProperties) = preSolution
		HideSolutionNode = FALSE
	EndGlobalSection
	GlobalSection(ExtensibilityGlobals) = postSolution
		SolutionGuid = {B28BCA86-231A-4602-8D2E-E665FF07ED61}
	EndGlobalSection
EndGlobal
